
Microsoft Visual Studio Solution File, Format Version 12.00
# Visual Studio Version 16
VisualStudioVersion = 16.0.30907.101
MinimumVisualStudioVersion = 10.0.40219.1
Project("{FAE04EC0-301F-11D3-BF4B-00C04F79EFBC}") = "MySqlCRUD", "MySqlCRUD\MySqlCRUD.csproj", "{D496C8DB-EE4F-478C-8E48-A05530807235}"
EndProject
Global
	GlobalSection(SolutionConfigurationPlatforms) = preSolution
		Debug|Any CPU = Debug|Any CPU
		Release|Any CPU = Release|Any CPU
	EndGlobalSection
	GlobalSection(ProjectConfigurationPlatforms) = postSolution
		{D496C8DB-EE4F-478C-8E48-A05530807235}.Debug|Any CPU.ActiveCfg = Debug|Any CPU
		{D496C8DB-EE4F-478C-8E48-A05530807235}.Debug|Any CPU.Build.0 = Debug|Any CPU
		{D496C8DB-EE4F-478C-8E48-A05530807235}.Release|Any CPU.ActiveCfg = Release|Any CPU
		{D496C8DB-EE4F-478C-8E48-A05530807235}.Release|Any CPU.Build.0 = Release|Any CPU
	EndGlobalSection
	GlobalSection(SolutionProperties) = preSolution
		HideSolutionNode = FALSE
	EndGlobalSection
	GlobalSection(ExtensibilityGlobals) = postSolution
		SolutionGuid = {3AA4D8C7-A747-4AD4-955B-4D4EFDA95228}
	EndGlobalSection
EndGlobal
